schema: '2.0'
stages:
  data_ingestion:
    cmd: python src/data/data_ingestion.py
    deps:
    - path: src/data/data_ingestion.py
      hash: md5
      md5: 6de026df318a41b8abfadbeba0314333
      size: 3563
    params:
      params.yaml:
        data_ingestion.test_size: 0.2
    outs:
    - path: data/raw
      hash: md5
      md5: 5085426077e3675467e9534442d77658.dir
      size: 61794184
      nfiles: 2
  data_preprocessing:
    cmd: python src/data/data_preprocessing.py
    deps:
    - path: data/raw/test.csv
      hash: md5
      md5: c93da0c4659521bdb74f1492a354e0ad
      size: 12385027
    - path: data/raw/train.csv
      hash: md5
      md5: 31a01ff2c1e6ad54bf670ddfecb144be
      size: 49409157
    - path: src/data/data_preprocessing.py
      hash: md5
      md5: 5e515389355ff78e3b194fb844f5bfc9
      size: 7558
    outs:
    - path: data/interim
      hash: md5
      md5: 2a2a3ab369fd7cbc2f7b900c3c40204b.dir
      size: 44668884
      nfiles: 2
  model_building:
    cmd: python src/model/model_building.py
    deps:
    - path: data/interim/train_processed.csv
      hash: md5
      md5: f83132191cd9e0d99cfb8c7a039f1d97
      size: 35722053
    - path: src/model/model_building.py
      hash: md5
      md5: e181b8c5dad15d86e3d274f88322d9df
      size: 4700
    params:
      params.yaml:
        model_building.best_params:
          n_estimators: 435
          learning_rate: 0.2876952878732436
          num_leaves: 204
          max_depth: 11
          min_child_samples: 61
          lambda_l1: 1.0153902610011350e-08
          lambda_l2: 9.640579420747668
        model_building.max_features: 3000
        model_building.ngram_range:
        - 1
        - 3
    outs:
    - path: lgbm_model.pkl
      hash: md5
      md5: db312c85ab0b2deac45b6986305834a2
      size: 2371037
    - path: tfidf_vectorizer.pkl
      hash: md5
<<<<<<< HEAD
      md5: 822f13fd8e9aae7ca5d7915963a4902f
      size: 118076
=======
      md5: 57aa1a1b401e90027d111778c1bbea82
      size: 118099
>>>>>>> 98392a7 (igiu)
  model_evaluation:
    cmd: python src/model/model_evaluation.py
    deps:
    - path: data/interim/test_processed.csv
      hash: md5
      md5: 148d3a005b20c55c4816350e7c248a51
      size: 8946831
    - path: data/interim/train_processed.csv
      hash: md5
      md5: f83132191cd9e0d99cfb8c7a039f1d97
      size: 35722053
    - path: lgbm_model.pkl
      hash: md5
      md5: db312c85ab0b2deac45b6986305834a2
      size: 2371037
    - path: src/model/model_evaluation.py
      hash: md5
      md5: d3dc7e9a7fee44f82c8eaed66ba3243b
      size: 7005
    - path: tfidf_vectorizer.pkl
      hash: md5
<<<<<<< HEAD
      md5: 822f13fd8e9aae7ca5d7915963a4902f
      size: 118076
    outs:
    - path: experiment_info.json
      hash: md5
      md5: 73f6ed9648ca911ffadd1908bee512da
      size: 84
=======
      md5: 57aa1a1b401e90027d111778c1bbea82
      size: 118099
    outs:
    - path: experiment_info.json
      hash: md5
      md5: 15127b6becb753616ae612c092cdd414
      size: 87
>>>>>>> 98392a7 (igiu)
  model_registration:
    cmd: python src/model/register_model.py
    deps:
    - path: experiment_info.json
      hash: md5
<<<<<<< HEAD
      md5: 73f6ed9648ca911ffadd1908bee512da
      size: 84
=======
      md5: 15127b6becb753616ae612c092cdd414
      size: 87
>>>>>>> 98392a7 (igiu)
    - path: src/model/register_model.py
      hash: md5
      md5: 98f86e5695107a7ebae13d42806c70c7
      size: 2439
